
Microsoft Visual Studio Solution File, Format Version 12.00
# Visual Studio Version 16
VisualStudioVersion = 16.0.33328.57
MinimumVisualStudioVersion = 10.0.40219.1
Project("{FAE04EC0-301F-11D3-BF4B-00C04F79EFBC}") = "lab4neur", "lab4neur\lab4neur.csproj", "{BD514D0E-D7A9-45D8-906D-673C001D28A7}"
EndProject
Global
	GlobalSection(SolutionConfigurationPlatforms) = preSolution
		Debug|Any CPU = Debug|Any CPU
		Release|Any CPU = Release|Any CPU
	EndGlobalSection
	GlobalSection(ProjectConfigurationPlatforms) = postSolution
		{BD514D0E-D7A9-45D8-906D-673C001D28A7}.Debug|Any CPU.ActiveCfg = Debug|Any CPU
		{BD514D0E-D7A9-45D8-906D-673C001D28A7}.Debug|Any CPU.Build.0 = Debug|Any CPU
		{BD514D0E-D7A9-45D8-906D-673C001D28A7}.Release|Any CPU.ActiveCfg = Release|Any CPU
		{BD514D0E-D7A9-45D8-906D-673C001D28A7}.Release|Any CPU.Build.0 = Release|Any CPU
	EndGlobalSection
	GlobalSection(SolutionProperties) = preSolution
		HideSolutionNode = FALSE
	EndGlobalSection
	GlobalSection(ExtensibilityGlobals) = postSolution
		SolutionGuid = {49E95F42-D6D0-44A2-9FA6-1792218D78CD}
	EndGlobalSection
EndGlobal
